
Microsoft Visual Studio Solution File, Format Version 12.00
# Visual Studio 2010
Project("{2150E333-8FDC-42A3-9474-1A3956D46DE8}") = "BLL", "BLL", "{EA19A820-4ADE-49CA-A60E-11498ECEC934}"
EndProject
Project("{2150E333-8FDC-42A3-9474-1A3956D46DE8}") = "Cache", "Cache", "{3CBE6486-FFCC-4504-BB6B-C63D2DAA5AB3}"
EndProject
Project("{2150E333-8FDC-42A3-9474-1A3956D46DE8}") = "DAL", "DAL", "{1693D549-0481-4E08-BC89-FD6B4D01F44F}"
EndProject
Project("{2150E333-8FDC-42A3-9474-1A3956D46DE8}") = "DALFactory", "DALFactory", "{53FDB66F-9412-4804-B472-9BC4B77D096C}"
EndProject
Project("{2150E333-8FDC-42A3-9474-1A3956D46DE8}") = "DBUtility", "DBUtility", "{A1241B1A-1421-41FC-80EF-649F4DB75943}"
EndProject
Project("{2150E333-8FDC-42A3-9474-1A3956D46DE8}") = "IDAL", "IDAL", "{47686B11-27FA-436C-97AA-33F702B69B32}"
EndProject
Project("{2150E333-8FDC-42A3-9474-1A3956D46DE8}") = "Model", "Model", "{9E45AF4B-E5DF-4CD3-8391-8050D8071762}"
EndProject
Project("{2150E333-8FDC-42A3-9474-1A3956D46DE8}") = "Provider", "Provider", "{2CA6FDF9-3928-47F5-AB8E-FDA48F77E184}"
EndProject
Project("{2150E333-8FDC-42A3-9474-1A3956D46DE8}") = "Service", "Service", "{3B81265E-5C27-4B8E-B58E-1A6649BE0731}"
EndProject
Project("{2150E333-8FDC-42A3-9474-1A3956D46DE8}") = "Sys", "Sys", "{21DB57DE-5363-4373-8955-B4EABB4CBA9B}"
EndProject
Project("{2150E333-8FDC-42A3-9474-1A3956D46DE8}") = "UI", "UI", "{EDC63B8E-F6D1-4B68-8430-9DDC6AF88CE1}"
EndProject
Project("{2150E333-8FDC-42A3-9474-1A3956D46DE8}") = "WebHelper", "WebHelper", "{6E756FAC-2474-4B42-8CD8-15B5E4E406ED}"
EndProject
Project("{FAE04EC0-301F-11D3-BF4B-00C04F79EFBC}") = "BLL", "BLL\BLL.csproj", "{E8E5B1F1-EE5F-4DE5-A97B-1FAFF4009BB5}"
EndProject
Project("{FAE04EC0-301F-11D3-BF4B-00C04F79EFBC}") = "SqlServerDAL", "SqlServerDAL\SqlServerDAL.csproj", "{54B5746F-47C8-422A-8601-E0D5F18705A1}"
EndProject
Project("{FAE04EC0-301F-11D3-BF4B-00C04F79EFBC}") = "DALFactory", "DALFactory\DALFactory.csproj", "{FC3340A4-A7FD-42DC-88A6-F294D7135096}"
EndProject
Project("{FAE04EC0-301F-11D3-BF4B-00C04F79EFBC}") = "DBUtility", "DBUtility\DBUtility.csproj", "{DDA6C6D3-4327-467A-8F47-CCAB1395600E}"
EndProject
Project("{FAE04EC0-301F-11D3-BF4B-00C04F79EFBC}") = "Model", "Model\Model.csproj", "{B5233536-3BAD-4589-8D82-A7746577F445}"
EndProject
Project("{FAE04EC0-301F-11D3-BF4B-00C04F79EFBC}") = "WcfModel", "WcfModel\WcfModel.csproj", "{48AC3E98-1A89-4DFF-81D7-70F9E8AB0E20}"
EndProject
Project("{FAE04EC0-301F-11D3-BF4B-00C04F79EFBC}") = "CustomProvider", "CustomProvider\CustomProvider.csproj", "{0FD1C171-051D-4FA3-88E1-877111355FF8}"
EndProject
Project("{FAE04EC0-301F-11D3-BF4B-00C04F79EFBC}") = "WcfCA", "WcfCA\WcfCA.csproj", "{B193670F-C146-4FD1-AD21-45519DD3F640}"
EndProject
Project("{FAE04EC0-301F-11D3-BF4B-00C04F79EFBC}") = "WcfService", "WcfService\WcfService.csproj", "{9EA18DB5-55F7-48A4-A942-9F3BCFE327C7}"
EndProject
Project("{FAE04EC0-301F-11D3-BF4B-00C04F79EFBC}") = "WcfWS", "WcfWS\WcfWS.csproj", "{8FC62DE1-3811-48E1-8D3D-53DCC17E472A}"
EndProject
Project("{FAE04EC0-301F-11D3-BF4B-00C04F79EFBC}") = "SysHelper", "SysHelper\SysHelper.csproj", "{6C843985-5C15-4AA7-A8EE-D8AD694EDC54}"
EndProject
Project("{FAE04EC0-301F-11D3-BF4B-00C04F79EFBC}") = "SecurityWeb", "SecurityWeb\SecurityWeb.csproj", "{C8F79096-CDBD-464D-A58F-4DAB20CA8C32}"
EndProject
Project("{FAE04EC0-301F-11D3-BF4B-00C04F79EFBC}") = "WebHelper", "WebHelper\WebHelper.csproj", "{EE1ADC39-B6AC-4CBC-B96F-A7A76BFB6E6B}"
EndProject
Project("{FAE04EC0-301F-11D3-BF4B-00C04F79EFBC}") = "IDAL", "IDAL\IDAL.csproj", "{75FD1813-0116-4592-9C39-038C33E34143}"
EndProject
Project("{FAE04EC0-301F-11D3-BF4B-00C04F79EFBC}") = "Web", "Web\Web.csproj", "{EB14EDEB-5A45-4042-A713-B49E0C541F69}"
EndProject
Project("{FAE04EC0-301F-11D3-BF4B-00C04F79EFBC}") = "CacheDependencyFactory", "CacheDependencyFactory\CacheDependencyFactory.csproj", "{9EAA9534-6F78-4CAB-B890-6176FC3482D8}"
EndProject
Project("{FAE04EC0-301F-11D3-BF4B-00C04F79EFBC}") = "ICacheDependency", "ICacheDependency\ICacheDependency.csproj", "{CA994216-74A7-4A67-8B39-9A10004C88EE}"
EndProject
Project("{FAE04EC0-301F-11D3-BF4B-00C04F79EFBC}") = "TableCacheDependency", "TableCacheDependency\TableCacheDependency.csproj", "{91AD6F5E-6844-428C-BD37-2BDD25B380F7}"
EndProject
Project("{FAE04EC0-301F-11D3-BF4B-00C04F79EFBC}") = "SysException", "SysException\SysException.csproj", "{12DB29C2-5000-412A-9016-35C7A302FD61}"
EndProject
Project("{FAE04EC0-301F-11D3-BF4B-00C04F79EFBC}") = "UrlRewriter", "UrlRewriter\UrlRewriter.csproj", "{4420C1BA-0614-42E8-8FB1-EB905B19112D}"
EndProject
Project("{2150E333-8FDC-42A3-9474-1A3956D46DE8}") = "Converters", "Converters", "{8CF4B379-0C41-42DE-AC99-16FDA5D9E6DE}"
EndProject
Project("{FAE04EC0-301F-11D3-BF4B-00C04F79EFBC}") = "Converters", "Converters\Converters.csproj", "{31A5E350-1768-4B89-85D8-A50FDDC09C78}"
EndProject
Global
	GlobalSection(SolutionConfigurationPlatforms) = preSolution
		Debug|Any CPU = Debug|Any CPU
		Release|Any CPU = Release|Any CPU
	EndGlobalSection
	GlobalSection(ProjectConfigurationPlatforms) = postSolution
		{E8E5B1F1-EE5F-4DE5-A97B-1FAFF4009BB5}.Debug|Any CPU.ActiveCfg = Debug|Any CPU
		{E8E5B1F1-EE5F-4DE5-A97B-1FAFF4009BB5}.Debug|Any CPU.Build.0 = Debug|Any CPU
		{E8E5B1F1-EE5F-4DE5-A97B-1FAFF4009BB5}.Release|Any CPU.ActiveCfg = Release|Any CPU
		{E8E5B1F1-EE5F-4DE5-A97B-1FAFF4009BB5}.Release|Any CPU.Build.0 = Release|Any CPU
		{54B5746F-47C8-422A-8601-E0D5F18705A1}.Debug|Any CPU.ActiveCfg = Debug|Any CPU
		{54B5746F-47C8-422A-8601-E0D5F18705A1}.Debug|Any CPU.Build.0 = Debug|Any CPU
		{54B5746F-47C8-422A-8601-E0D5F18705A1}.Release|Any CPU.ActiveCfg = Release|Any CPU
		{54B5746F-47C8-422A-8601-E0D5F18705A1}.Release|Any CPU.Build.0 = Release|Any CPU
		{FC3340A4-A7FD-42DC-88A6-F294D7135096}.Debug|Any CPU.ActiveCfg = Debug|Any CPU
		{FC3340A4-A7FD-42DC-88A6-F294D7135096}.Debug|Any CPU.Build.0 = Debug|Any CPU
		{FC3340A4-A7FD-42DC-88A6-F294D7135096}.Release|Any CPU.ActiveCfg = Release|Any CPU
		{FC3340A4-A7FD-42DC-88A6-F294D7135096}.Release|Any CPU.Build.0 = Release|Any CPU
		{DDA6C6D3-4327-467A-8F47-CCAB1395600E}.Debug|Any CPU.ActiveCfg = Debug|Any CPU
		{DDA6C6D3-4327-467A-8F47-CCAB1395600E}.Debug|Any CPU.Build.0 = Debug|Any CPU
		{DDA6C6D3-4327-467A-8F47-CCAB1395600E}.Release|Any CPU.ActiveCfg = Release|Any CPU
		{DDA6C6D3-4327-467A-8F47-CCAB1395600E}.Release|Any CPU.Build.0 = Release|Any CPU
		{B5233536-3BAD-4589-8D82-A7746577F445}.Debug|Any CPU.ActiveCfg = Debug|Any CPU
		{B5233536-3BAD-4589-8D82-A7746577F445}.Debug|Any CPU.Build.0 = Debug|Any CPU
		{B5233536-3BAD-4589-8D82-A7746577F445}.Release|Any CPU.ActiveCfg = Release|Any CPU
		{B5233536-3BAD-4589-8D82-A7746577F445}.Release|Any CPU.Build.0 = Release|Any CPU
		{48AC3E98-1A89-4DFF-81D7-70F9E8AB0E20}.Debug|Any CPU.ActiveCfg = Debug|Any CPU
		{48AC3E98-1A89-4DFF-81D7-70F9E8AB0E20}.Debug|Any CPU.Build.0 = Debug|Any CPU
		{48AC3E98-1A89-4DFF-81D7-70F9E8AB0E20}.Release|Any CPU.ActiveCfg = Release|Any CPU
		{48AC3E98-1A89-4DFF-81D7-70F9E8AB0E20}.Release|Any CPU.Build.0 = Release|Any CPU
		{0FD1C171-051D-4FA3-88E1-877111355FF8}.Debug|Any CPU.ActiveCfg = Debug|Any CPU
		{0FD1C171-051D-4FA3-88E1-877111355FF8}.Debug|Any CPU.Build.0 = Debug|Any CPU
		{0FD1C171-051D-4FA3-88E1-877111355FF8}.Release|Any CPU.ActiveCfg = Release|Any CPU
		{0FD1C171-051D-4FA3-88E1-877111355FF8}.Release|Any CPU.Build.0 = Release|Any CPU
		{B193670F-C146-4FD1-AD21-45519DD3F640}.Debug|Any CPU.ActiveCfg = Debug|Any CPU
		{B193670F-C146-4FD1-AD21-45519DD3F640}.Debug|Any CPU.Build.0 = Debug|Any CPU
		{B193670F-C146-4FD1-AD21-45519DD3F640}.Release|Any CPU.ActiveCfg = Release|Any CPU
		{B193670F-C146-4FD1-AD21-45519DD3F640}.Release|Any CPU.Build.0 = Release|Any CPU
		{9EA18DB5-55F7-48A4-A942-9F3BCFE327C7}.Debug|Any CPU.ActiveCfg = Debug|Any CPU
		{9EA18DB5-55F7-48A4-A942-9F3BCFE327C7}.Debug|Any CPU.Build.0 = Debug|Any CPU
		{9EA18DB5-55F7-48A4-A942-9F3BCFE327C7}.Release|Any CPU.ActiveCfg = Release|Any CPU
		{9EA18DB5-55F7-48A4-A942-9F3BCFE327C7}.Release|Any CPU.Build.0 = Release|Any CPU
		{8FC62DE1-3811-48E1-8D3D-53DCC17E472A}.Debug|Any CPU.ActiveCfg = Debug|Any CPU
		{8FC62DE1-3811-48E1-8D3D-53DCC17E472A}.Debug|Any CPU.Build.0 = Debug|Any CPU
		{8FC62DE1-3811-48E1-8D3D-53DCC17E472A}.Release|Any CPU.ActiveCfg = Release|Any CPU
		{8FC62DE1-3811-48E1-8D3D-53DCC17E472A}.Release|Any CPU.Build.0 = Release|Any CPU
		{6C843985-5C15-4AA7-A8EE-D8AD694EDC54}.Debug|Any CPU.ActiveCfg = Debug|Any CPU
		{6C843985-5C15-4AA7-A8EE-D8AD694EDC54}.Debug|Any CPU.Build.0 = Debug|Any CPU
		{6C843985-5C15-4AA7-A8EE-D8AD694EDC54}.Release|Any CPU.ActiveCfg = Release|Any CPU
		{6C843985-5C15-4AA7-A8EE-D8AD694EDC54}.Release|Any CPU.Build.0 = Release|Any CPU
		{C8F79096-CDBD-464D-A58F-4DAB20CA8C32}.Debug|Any CPU.ActiveCfg = Debug|Any CPU
		{C8F79096-CDBD-464D-A58F-4DAB20CA8C32}.Debug|Any CPU.Build.0 = Debug|Any CPU
		{C8F79096-CDBD-464D-A58F-4DAB20CA8C32}.Release|Any CPU.ActiveCfg = Release|Any CPU
		{C8F79096-CDBD-464D-A58F-4DAB20CA8C32}.Release|Any CPU.Build.0 = Release|Any CPU
		{EE1ADC39-B6AC-4CBC-B96F-A7A76BFB6E6B}.Debug|Any CPU.ActiveCfg = Debug|Any CPU
		{EE1ADC39-B6AC-4CBC-B96F-A7A76BFB6E6B}.Debug|Any CPU.Build.0 = Debug|Any CPU
		{EE1ADC39-B6AC-4CBC-B96F-A7A76BFB6E6B}.Release|Any CPU.ActiveCfg = Release|Any CPU
		{EE1ADC39-B6AC-4CBC-B96F-A7A76BFB6E6B}.Release|Any CPU.Build.0 = Release|Any CPU
		{75FD1813-0116-4592-9C39-038C33E34143}.Debug|Any CPU.ActiveCfg = Debug|Any CPU
		{75FD1813-0116-4592-9C39-038C33E34143}.Debug|Any CPU.Build.0 = Debug|Any CPU
		{75FD1813-0116-4592-9C39-038C33E34143}.Release|Any CPU.ActiveCfg = Release|Any CPU
		{75FD1813-0116-4592-9C39-038C33E34143}.Release|Any CPU.Build.0 = Release|Any CPU
		{EB14EDEB-5A45-4042-A713-B49E0C541F69}.Debug|Any CPU.ActiveCfg = Debug|Any CPU
		{EB14EDEB-5A45-4042-A713-B49E0C541F69}.Debug|Any CPU.Build.0 = Debug|Any CPU
		{EB14EDEB-5A45-4042-A713-B49E0C541F69}.Release|Any CPU.ActiveCfg = Release|Any CPU
		{EB14EDEB-5A45-4042-A713-B49E0C541F69}.Release|Any CPU.Build.0 = Release|Any CPU
		{9EAA9534-6F78-4CAB-B890-6176FC3482D8}.Debug|Any CPU.ActiveCfg = Debug|Any CPU
		{9EAA9534-6F78-4CAB-B890-6176FC3482D8}.Debug|Any CPU.Build.0 = Debug|Any CPU
		{9EAA9534-6F78-4CAB-B890-6176FC3482D8}.Release|Any CPU.ActiveCfg = Release|Any CPU
		{9EAA9534-6F78-4CAB-B890-6176FC3482D8}.Release|Any CPU.Build.0 = Release|Any CPU
		{CA994216-74A7-4A67-8B39-9A10004C88EE}.Debug|Any CPU.ActiveCfg = Debug|Any CPU
		{CA994216-74A7-4A67-8B39-9A10004C88EE}.Debug|Any CPU.Build.0 = Debug|Any CPU
		{CA994216-74A7-4A67-8B39-9A10004C88EE}.Release|Any CPU.ActiveCfg = Release|Any CPU
		{CA994216-74A7-4A67-8B39-9A10004C88EE}.Release|Any CPU.Build.0 = Release|Any CPU
		{91AD6F5E-6844-428C-BD37-2BDD25B380F7}.Debug|Any CPU.ActiveCfg = Debug|Any CPU
		{91AD6F5E-6844-428C-BD37-2BDD25B380F7}.Debug|Any CPU.Build.0 = Debug|Any CPU
		{91AD6F5E-6844-428C-BD37-2BDD25B380F7}.Release|Any CPU.ActiveCfg = Release|Any CPU
		{91AD6F5E-6844-428C-BD37-2BDD25B380F7}.Release|Any CPU.Build.0 = Release|Any CPU
		{12DB29C2-5000-412A-9016-35C7A302FD61}.Debug|Any CPU.ActiveCfg = Debug|Any CPU
		{12DB29C2-5000-412A-9016-35C7A302FD61}.Debug|Any CPU.Build.0 = Debug|Any CPU
		{12DB29C2-5000-412A-9016-35C7A302FD61}.Release|Any CPU.ActiveCfg = Release|Any CPU
		{12DB29C2-5000-412A-9016-35C7A302FD61}.Release|Any CPU.Build.0 = Release|Any CPU
		{4420C1BA-0614-42E8-8FB1-EB905B19112D}.Debug|Any CPU.ActiveCfg = Debug|Any CPU
		{4420C1BA-0614-42E8-8FB1-EB905B19112D}.Debug|Any CPU.Build.0 = Debug|Any CPU
		{4420C1BA-0614-42E8-8FB1-EB905B19112D}.Release|Any CPU.ActiveCfg = Release|Any CPU
		{4420C1BA-0614-42E8-8FB1-EB905B19112D}.Release|Any CPU.Build.0 = Release|Any CPU
		{31A5E350-1768-4B89-85D8-A50FDDC09C78}.Debug|Any CPU.ActiveCfg = Debug|Any CPU
		{31A5E350-1768-4B89-85D8-A50FDDC09C78}.Debug|Any CPU.Build.0 = Debug|Any CPU
		{31A5E350-1768-4B89-85D8-A50FDDC09C78}.Release|Any CPU.ActiveCfg = Release|Any CPU
		{31A5E350-1768-4B89-85D8-A50FDDC09C78}.Release|Any CPU.Build.0 = Release|Any CPU
	EndGlobalSection
	GlobalSection(SolutionProperties) = preSolution
		HideSolutionNode = FALSE
	EndGlobalSection
	GlobalSection(NestedProjects) = preSolution
		{E8E5B1F1-EE5F-4DE5-A97B-1FAFF4009BB5} = {EA19A820-4ADE-49CA-A60E-11498ECEC934}
		{9EAA9534-6F78-4CAB-B890-6176FC3482D8} = {3CBE6486-FFCC-4504-BB6B-C63D2DAA5AB3}
		{CA994216-74A7-4A67-8B39-9A10004C88EE} = {3CBE6486-FFCC-4504-BB6B-C63D2DAA5AB3}
		{91AD6F5E-6844-428C-BD37-2BDD25B380F7} = {3CBE6486-FFCC-4504-BB6B-C63D2DAA5AB3}
		{54B5746F-47C8-422A-8601-E0D5F18705A1} = {1693D549-0481-4E08-BC89-FD6B4D01F44F}
		{FC3340A4-A7FD-42DC-88A6-F294D7135096} = {53FDB66F-9412-4804-B472-9BC4B77D096C}
		{DDA6C6D3-4327-467A-8F47-CCAB1395600E} = {A1241B1A-1421-41FC-80EF-649F4DB75943}
		{75FD1813-0116-4592-9C39-038C33E34143} = {47686B11-27FA-436C-97AA-33F702B69B32}
		{B5233536-3BAD-4589-8D82-A7746577F445} = {9E45AF4B-E5DF-4CD3-8391-8050D8071762}
		{48AC3E98-1A89-4DFF-81D7-70F9E8AB0E20} = {9E45AF4B-E5DF-4CD3-8391-8050D8071762}
		{0FD1C171-051D-4FA3-88E1-877111355FF8} = {2CA6FDF9-3928-47F5-AB8E-FDA48F77E184}
		{B193670F-C146-4FD1-AD21-45519DD3F640} = {3B81265E-5C27-4B8E-B58E-1A6649BE0731}
		{9EA18DB5-55F7-48A4-A942-9F3BCFE327C7} = {3B81265E-5C27-4B8E-B58E-1A6649BE0731}
		{8FC62DE1-3811-48E1-8D3D-53DCC17E472A} = {3B81265E-5C27-4B8E-B58E-1A6649BE0731}
		{6C843985-5C15-4AA7-A8EE-D8AD694EDC54} = {21DB57DE-5363-4373-8955-B4EABB4CBA9B}
		{12DB29C2-5000-412A-9016-35C7A302FD61} = {21DB57DE-5363-4373-8955-B4EABB4CBA9B}
		{C8F79096-CDBD-464D-A58F-4DAB20CA8C32} = {EDC63B8E-F6D1-4B68-8430-9DDC6AF88CE1}
		{EB14EDEB-5A45-4042-A713-B49E0C541F69} = {EDC63B8E-F6D1-4B68-8430-9DDC6AF88CE1}
		{EE1ADC39-B6AC-4CBC-B96F-A7A76BFB6E6B} = {6E756FAC-2474-4B42-8CD8-15B5E4E406ED}
		{4420C1BA-0614-42E8-8FB1-EB905B19112D} = {6E756FAC-2474-4B42-8CD8-15B5E4E406ED}
		{31A5E350-1768-4B89-85D8-A50FDDC09C78} = {8CF4B379-0C41-42DE-AC99-16FDA5D9E6DE}
	EndGlobalSection
EndGlobal
